
Microsoft Visual Studio Solution File, Format Version 12.00
# Visual Studio Version 17
VisualStudioVersion = 17.5.33516.290
MinimumVisualStudioVersion = 10.0.40219.1
Project("{FAE04EC0-301F-11D3-BF4B-00C04F79EFBC}") = "Reservation", "Reservation\Reservation.csproj", "{0FD87F7A-C410-43C0-8CBF-C47F0595B804}"
EndProject
Project("{FAE04EC0-301F-11D3-BF4B-00C04F79EFBC}") = "Reservation.BL", "Reservation.BL\Reservation.BL.csproj", "{AAB08DFA-D888-477A-BF26-5DB692CCE583}"
EndProject
Project("{FAE04EC0-301F-11D3-BF4B-00C04F79EFBC}") = "Reservation.DAL", "Reservation.DAL\Reservation.DAL.csproj", "{C4D68258-6473-4CE9-944F-0A7B05D2D2B7}"
EndProject
Global
	GlobalSection(SolutionConfigurationPlatforms) = preSolution
		Debug|Any CPU = Debug|Any CPU
		Release|Any CPU = Release|Any CPU
	EndGlobalSection
	GlobalSection(ProjectConfigurationPlatforms) = postSolution
		{0FD87F7A-C410-43C0-8CBF-C47F0595B804}.Debug|Any CPU.ActiveCfg = Debug|Any CPU
		{0FD87F7A-C410-43C0-8CBF-C47F0595B804}.Debug|Any CPU.Build.0 = Debug|Any CPU
		{0FD87F7A-C410-43C0-8CBF-C47F0595B804}.Release|Any CPU.ActiveCfg = Release|Any CPU
		{0FD87F7A-C410-43C0-8CBF-C47F0595B804}.Release|Any CPU.Build.0 = Release|Any CPU
		{AAB08DFA-D888-477A-BF26-5DB692CCE583}.Debug|Any CPU.ActiveCfg = Debug|Any CPU
		{AAB08DFA-D888-477A-BF26-5DB692CCE583}.Debug|Any CPU.Build.0 = Debug|Any CPU
		{AAB08DFA-D888-477A-BF26-5DB692CCE583}.Release|Any CPU.ActiveCfg = Release|Any CPU
		{AAB08DFA-D888-477A-BF26-5DB692CCE583}.Release|Any CPU.Build.0 = Release|Any CPU
		{C4D68258-6473-4CE9-944F-0A7B05D2D2B7}.Debug|Any CPU.ActiveCfg = Debug|Any CPU
		{C4D68258-6473-4CE9-944F-0A7B05D2D2B7}.Debug|Any CPU.Build.0 = Debug|Any CPU
		{C4D68258-6473-4CE9-944F-0A7B05D2D2B7}.Release|Any CPU.ActiveCfg = Release|Any CPU
		{C4D68258-6473-4CE9-944F-0A7B05D2D2B7}.Release|Any CPU.Build.0 = Release|Any CPU
	EndGlobalSection
	GlobalSection(SolutionProperties) = preSolution
		HideSolutionNode = FALSE
	EndGlobalSection
	GlobalSection(ExtensibilityGlobals) = postSolution
		SolutionGuid = {AD09A663-F608-4472-824E-B7FAE5505B3E}
	EndGlobalSection
EndGlobal
