
Microsoft Visual Studio Solution File, Format Version 12.00
# Visual Studio Version 17
VisualStudioVersion = 17.5.33516.290
MinimumVisualStudioVersion = 10.0.40219.1
Project("{FAE04EC0-301F-11D3-BF4B-00C04F79EFBC}") = "WebApplication1", "WebApplication1\WebApplication1.csproj", "{F563C7E5-5EC0-4D08-B49C-AE977368A252}"
EndProject
Global
	GlobalSection(SolutionConfigurationPlatforms) = preSolution
		Debug|Any CPU = Debug|Any CPU
		Release|Any CPU = Release|Any CPU
	EndGlobalSection
	GlobalSection(ProjectConfigurationPlatforms) = postSolution
		{F563C7E5-5EC0-4D08-B49C-AE977368A252}.Debug|Any CPU.ActiveCfg = Debug|Any CPU
		{F563C7E5-5EC0-4D08-B49C-AE977368A252}.Debug|Any CPU.Build.0 = Debug|Any CPU
		{F563C7E5-5EC0-4D08-B49C-AE977368A252}.Release|Any CPU.ActiveCfg = Release|Any CPU
		{F563C7E5-5EC0-4D08-B49C-AE977368A252}.Release|Any CPU.Build.0 = Release|Any CPU
	EndGlobalSection
	GlobalSection(SolutionProperties) = preSolution
		HideSolutionNode = FALSE
	EndGlobalSection
	GlobalSection(ExtensibilityGlobals) = postSolution
		SolutionGuid = {178C3C6C-5F84-4796-BB1B-9FA00BED5E95}
	EndGlobalSection
EndGlobal
