
Microsoft Visual Studio Solution File, Format Version 12.00
# Visual Studio Version 17
VisualStudioVersion = 17.5.33516.290
MinimumVisualStudioVersion = 10.0.40219.1
Project("{FAE04EC0-301F-11D3-BF4B-00C04F79EFBC}") = "Identity", "Identity\Identity.csproj", "{5883BF76-2591-4EE1-8522-D568C1D03ECF}"
EndProject
Project("{FAE04EC0-301F-11D3-BF4B-00C04F79EFBC}") = "RazorClassLibrary1", "RazorClassLibrary1\RazorClassLibrary1.csproj", "{11CCD354-F861-423C-9BE8-40D79F5A6E63}"
EndProject
Global
	GlobalSection(SolutionConfigurationPlatforms) = preSolution
		Debug|Any CPU = Debug|Any CPU
		Release|Any CPU = Release|Any CPU
	EndGlobalSection
	GlobalSection(ProjectConfigurationPlatforms) = postSolution
		{5883BF76-2591-4EE1-8522-D568C1D03ECF}.Debug|Any CPU.ActiveCfg = Debug|Any CPU
		{5883BF76-2591-4EE1-8522-D568C1D03ECF}.Debug|Any CPU.Build.0 = Debug|Any CPU
		{5883BF76-2591-4EE1-8522-D568C1D03ECF}.Release|Any CPU.ActiveCfg = Release|Any CPU
		{5883BF76-2591-4EE1-8522-D568C1D03ECF}.Release|Any CPU.Build.0 = Release|Any CPU
		{11CCD354-F861-423C-9BE8-40D79F5A6E63}.Debug|Any CPU.ActiveCfg = Debug|Any CPU
		{11CCD354-F861-423C-9BE8-40D79F5A6E63}.Debug|Any CPU.Build.0 = Debug|Any CPU
		{11CCD354-F861-423C-9BE8-40D79F5A6E63}.Release|Any CPU.ActiveCfg = Release|Any CPU
		{11CCD354-F861-423C-9BE8-40D79F5A6E63}.Release|Any CPU.Build.0 = Release|Any CPU
	EndGlobalSection
	GlobalSection(SolutionProperties) = preSolution
		HideSolutionNode = FALSE
	EndGlobalSection
	GlobalSection(ExtensibilityGlobals) = postSolution
		SolutionGuid = {07CB5E5F-740F-4CBA-BD0E-6D5FDC439FDA}
	EndGlobalSection
EndGlobal
